
Microsoft Visual Studio Solution File, Format Version 12.00
# Visual Studio 2012
Project("{FAE04EC0-301F-11D3-BF4B-00C04F79EFBC}") = "Orders", "Orders\Orders.csproj", "{0902EDDF-5C0B-4AAC-9DFD-5C98676C5422}"
EndProject
Global
	GlobalSection(SolutionConfigurationPlatforms) = preSolution
		Debug|iPhoneSimulator = Debug|iPhoneSimulator
		Release|iPhone = Release|iPhone
		Release|iPhoneSimulator = Release|iPhoneSimulator
		Debug|iPhone = Debug|iPhone
	EndGlobalSection
	GlobalSection(ProjectConfigurationPlatforms) = postSolution
		{0902EDDF-5C0B-4AAC-9DFD-5C98676C5422}.Debug|iPhoneSimulator.ActiveCfg = Debug|iPhoneSimulator
		{0902EDDF-5C0B-4AAC-9DFD-5C98676C5422}.Debug|iPhoneSimulator.Build.0 = Debug|iPhoneSimulator
		{0902EDDF-5C0B-4AAC-9DFD-5C98676C5422}.Release|iPhone.ActiveCfg = Release|iPhone
		{0902EDDF-5C0B-4AAC-9DFD-5C98676C5422}.Release|iPhone.Build.0 = Release|iPhone
		{0902EDDF-5C0B-4AAC-9DFD-5C98676C5422}.Release|iPhoneSimulator.ActiveCfg = Release|iPhoneSimulator
		{0902EDDF-5C0B-4AAC-9DFD-5C98676C5422}.Release|iPhoneSimulator.Build.0 = Release|iPhoneSimulator
		{0902EDDF-5C0B-4AAC-9DFD-5C98676C5422}.Debug|iPhone.ActiveCfg = Debug|iPhone
		{0902EDDF-5C0B-4AAC-9DFD-5C98676C5422}.Debug|iPhone.Build.0 = Debug|iPhone
	EndGlobalSection
EndGlobal
