
Microsoft Visual Studio Solution File, Format Version 12.00
# Visual Studio 2012
Project("{FAE04EC0-301F-11D3-BF4B-00C04F79EFBC}") = "BallBreaker", "BallBreaker\BallBreaker.csproj", "{208C93C5-78B5-4412-827F-9B73473C924C}"
EndProject
Global
	GlobalSection(SolutionConfigurationPlatforms) = preSolution
		Debug|iPhoneSimulator = Debug|iPhoneSimulator
		Release|iPhone = Release|iPhone
		Release|iPhoneSimulator = Release|iPhoneSimulator
		Debug|iPhone = Debug|iPhone
	EndGlobalSection
	GlobalSection(ProjectConfigurationPlatforms) = postSolution
		{208C93C5-78B5-4412-827F-9B73473C924C}.Debug|iPhoneSimulator.ActiveCfg = Debug|iPhoneSimulator
		{208C93C5-78B5-4412-827F-9B73473C924C}.Debug|iPhoneSimulator.Build.0 = Debug|iPhoneSimulator
		{208C93C5-78B5-4412-827F-9B73473C924C}.Release|iPhone.ActiveCfg = Release|iPhone
		{208C93C5-78B5-4412-827F-9B73473C924C}.Release|iPhone.Build.0 = Release|iPhone
		{208C93C5-78B5-4412-827F-9B73473C924C}.Release|iPhoneSimulator.ActiveCfg = Release|iPhoneSimulator
		{208C93C5-78B5-4412-827F-9B73473C924C}.Release|iPhoneSimulator.Build.0 = Release|iPhoneSimulator
		{208C93C5-78B5-4412-827F-9B73473C924C}.Debug|iPhone.ActiveCfg = Debug|iPhone
		{208C93C5-78B5-4412-827F-9B73473C924C}.Debug|iPhone.Build.0 = Debug|iPhone
	EndGlobalSection
EndGlobal
