
Microsoft Visual Studio Solution File, Format Version 12.00
# Visual Studio 14
VisualStudioVersion = 14.0.25123.0
MinimumVisualStudioVersion = 10.0.40219.1
Project("{FAE04EC0-301F-11D3-BF4B-00C04F79EFBC}") = "Whitter.Droid", "Whitter\Whitter.Droid\Whitter.Droid.csproj", "{F4A3AD1D-9ACF-4F57-9B46-9AE734072CAF}"
EndProject
Project("{FAE04EC0-301F-11D3-BF4B-00C04F79EFBC}") = "Whitter.iOS", "Whitter\Whitter.iOS\Whitter.iOS.csproj", "{3A8646C9-7557-4DDA-83D9-4655EF347B6B}"
EndProject
Project("{FAE04EC0-301F-11D3-BF4B-00C04F79EFBC}") = "Whitter.WinPhone", "Whitter\Whitter.WinPhone\Whitter.WinPhone.csproj", "{9B631638-EB34-4ACD-A5CD-744DC16DD420}"
EndProject
Project("{FAE04EC0-301F-11D3-BF4B-00C04F79EFBC}") = "Whitter.Windows", "Whitter\Whitter.Windows\Whitter.Windows.csproj", "{CBA4EC45-1FAB-4A88-AAD9-C8D989F68960}"
EndProject
Project("{FAE04EC0-301F-11D3-BF4B-00C04F79EFBC}") = "Whitter", "Whitter\Whitter\Whitter.csproj", "{E40B7817-24D0-4AB8-8133-8549FBDEF2A2}"
EndProject
Global
	GlobalSection(SolutionConfigurationPlatforms) = preSolution
		Ad-Hoc|Any CPU = Ad-Hoc|Any CPU
		Ad-Hoc|ARM = Ad-Hoc|ARM
		Ad-Hoc|iPhone = Ad-Hoc|iPhone
		Ad-Hoc|iPhoneSimulator = Ad-Hoc|iPhoneSimulator
		Ad-Hoc|x64 = Ad-Hoc|x64
		Ad-Hoc|x86 = Ad-Hoc|x86
		AppStore|Any CPU = AppStore|Any CPU
		AppStore|ARM = AppStore|ARM
		AppStore|iPhone = AppStore|iPhone
		AppStore|iPhoneSimulator = AppStore|iPhoneSimulator
		AppStore|x64 = AppStore|x64
		AppStore|x86 = AppStore|x86
		Debug|Any CPU = Debug|Any CPU
		Debug|ARM = Debug|ARM
		Debug|iPhone = Debug|iPhone
		Debug|iPhoneSimulator = Debug|iPhoneSimulator
		Debug|x64 = Debug|x64
		Debug|x86 = Debug|x86
		Release|Any CPU = Release|Any CPU
		Release|ARM = Release|ARM
		Release|iPhone = Release|iPhone
		Release|iPhoneSimulator = Release|iPhoneSimulator
		Release|x64 = Release|x64
		Release|x86 = Release|x86
	EndGlobalSection
	GlobalSection(ProjectConfigurationPlatforms) = postSolution
		{F4A3AD1D-9ACF-4F57-9B46-9AE734072CAF}.Ad-Hoc|Any CPU.ActiveCfg = Release|Any CPU
		{F4A3AD1D-9ACF-4F57-9B46-9AE734072CAF}.Ad-Hoc|Any CPU.Build.0 = Release|Any CPU
		{F4A3AD1D-9ACF-4F57-9B46-9AE734072CAF}.Ad-Hoc|Any CPU.Deploy.0 = Release|Any CPU
		{F4A3AD1D-9ACF-4F57-9B46-9AE734072CAF}.Ad-Hoc|ARM.ActiveCfg = Release|Any CPU
		{F4A3AD1D-9ACF-4F57-9B46-9AE734072CAF}.Ad-Hoc|ARM.Build.0 = Release|Any CPU
		{F4A3AD1D-9ACF-4F57-9B46-9AE734072CAF}.Ad-Hoc|ARM.Deploy.0 = Release|Any CPU
		{F4A3AD1D-9ACF-4F57-9B46-9AE734072CAF}.Ad-Hoc|iPhone.ActiveCfg = Release|Any CPU
		{F4A3AD1D-9ACF-4F57-9B46-9AE734072CAF}.Ad-Hoc|iPhone.Build.0 = Release|Any CPU
		{F4A3AD1D-9ACF-4F57-9B46-9AE734072CAF}.Ad-Hoc|iPhone.Deploy.0 = Release|Any CPU
		{F4A3AD1D-9ACF-4F57-9B46-9AE734072CAF}.Ad-Hoc|iPhoneSimulator.ActiveCfg = Release|Any CPU
		{F4A3AD1D-9ACF-4F57-9B46-9AE734072CAF}.Ad-Hoc|iPhoneSimulator.Build.0 = Release|Any CPU
		{F4A3AD1D-9ACF-4F57-9B46-9AE734072CAF}.Ad-Hoc|iPhoneSimulator.Deploy.0 = Release|Any CPU
		{F4A3AD1D-9ACF-4F57-9B46-9AE734072CAF}.Ad-Hoc|x64.ActiveCfg = Release|Any CPU
		{F4A3AD1D-9ACF-4F57-9B46-9AE734072CAF}.Ad-Hoc|x64.Build.0 = Release|Any CPU
		{F4A3AD1D-9ACF-4F57-9B46-9AE734072CAF}.Ad-Hoc|x64.Deploy.0 = Release|Any CPU
		{F4A3AD1D-9ACF-4F57-9B46-9AE734072CAF}.Ad-Hoc|x86.ActiveCfg = Release|Any CPU
		{F4A3AD1D-9ACF-4F57-9B46-9AE734072CAF}.Ad-Hoc|x86.Build.0 = Release|Any CPU
		{F4A3AD1D-9ACF-4F57-9B46-9AE734072CAF}.Ad-Hoc|x86.Deploy.0 = Release|Any CPU
		{F4A3AD1D-9ACF-4F57-9B46-9AE734072CAF}.AppStore|Any CPU.ActiveCfg = Release|Any CPU
		{F4A3AD1D-9ACF-4F57-9B46-9AE734072CAF}.AppStore|Any CPU.Build.0 = Release|Any CPU
		{F4A3AD1D-9ACF-4F57-9B46-9AE734072CAF}.AppStore|Any CPU.Deploy.0 = Release|Any CPU
		{F4A3AD1D-9ACF-4F57-9B46-9AE734072CAF}.AppStore|ARM.ActiveCfg = Release|Any CPU
		{F4A3AD1D-9ACF-4F57-9B46-9AE734072CAF}.AppStore|ARM.Build.0 = Release|Any CPU
		{F4A3AD1D-9ACF-4F57-9B46-9AE734072CAF}.AppStore|ARM.Deploy.0 = Release|Any CPU
		{F4A3AD1D-9ACF-4F57-9B46-9AE734072CAF}.AppStore|iPhone.ActiveCfg = Release|Any CPU
		{F4A3AD1D-9ACF-4F57-9B46-9AE734072CAF}.AppStore|iPhone.Build.0 = Release|Any CPU
		{F4A3AD1D-9ACF-4F57-9B46-9AE734072CAF}.AppStore|iPhone.Deploy.0 = Release|Any CPU
		{F4A3AD1D-9ACF-4F57-9B46-9AE734072CAF}.AppStore|iPhoneSimulator.ActiveCfg = Release|Any CPU
		{F4A3AD1D-9ACF-4F57-9B46-9AE734072CAF}.AppStore|iPhoneSimulator.Build.0 = Release|Any CPU
		{F4A3AD1D-9ACF-4F57-9B46-9AE734072CAF}.AppStore|iPhoneSimulator.Deploy.0 = Release|Any CPU
		{F4A3AD1D-9ACF-4F57-9B46-9AE734072CAF}.AppStore|x64.ActiveCfg = Release|Any CPU
		{F4A3AD1D-9ACF-4F57-9B46-9AE734072CAF}.AppStore|x64.Build.0 = Release|Any CPU
		{F4A3AD1D-9ACF-4F57-9B46-9AE734072CAF}.AppStore|x64.Deploy.0 = Release|Any CPU
		{F4A3AD1D-9ACF-4F57-9B46-9AE734072CAF}.AppStore|x86.ActiveCfg = Release|Any CPU
		{F4A3AD1D-9ACF-4F57-9B46-9AE734072CAF}.AppStore|x86.Build.0 = Release|Any CPU
		{F4A3AD1D-9ACF-4F57-9B46-9AE734072CAF}.AppStore|x86.Deploy.0 = Release|Any CPU
		{F4A3AD1D-9ACF-4F57-9B46-9AE734072CAF}.Debug|Any CPU.ActiveCfg = Debug|Any CPU
		{F4A3AD1D-9ACF-4F57-9B46-9AE734072CAF}.Debug|Any CPU.Build.0 = Debug|Any CPU
		{F4A3AD1D-9ACF-4F57-9B46-9AE734072CAF}.Debug|Any CPU.Deploy.0 = Debug|Any CPU
		{F4A3AD1D-9ACF-4F57-9B46-9AE734072CAF}.Debug|ARM.ActiveCfg = Debug|Any CPU
		{F4A3AD1D-9ACF-4F57-9B46-9AE734072CAF}.Debug|ARM.Build.0 = Debug|Any CPU
		{F4A3AD1D-9ACF-4F57-9B46-9AE734072CAF}.Debug|ARM.Deploy.0 = Debug|Any CPU
		{F4A3AD1D-9ACF-4F57-9B46-9AE734072CAF}.Debug|iPhone.ActiveCfg = Debug|Any CPU
		{F4A3AD1D-9ACF-4F57-9B46-9AE734072CAF}.Debug|iPhone.Build.0 = Debug|Any CPU
		{F4A3AD1D-9ACF-4F57-9B46-9AE734072CAF}.Debug|iPhone.Deploy.0 = Debug|Any CPU
		{F4A3AD1D-9ACF-4F57-9B46-9AE734072CAF}.Debug|iPhoneSimulator.ActiveCfg = Debug|Any CPU
		{F4A3AD1D-9ACF-4F57-9B46-9AE734072CAF}.Debug|iPhoneSimulator.Build.0 = Debug|Any CPU
		{F4A3AD1D-9ACF-4F57-9B46-9AE734072CAF}.Debug|iPhoneSimulator.Deploy.0 = Debug|Any CPU
		{F4A3AD1D-9ACF-4F57-9B46-9AE734072CAF}.Debug|x64.ActiveCfg = Debug|Any CPU
		{F4A3AD1D-9ACF-4F57-9B46-9AE734072CAF}.Debug|x64.Build.0 = Debug|Any CPU
		{F4A3AD1D-9ACF-4F57-9B46-9AE734072CAF}.Debug|x64.Deploy.0 = Debug|Any CPU
		{F4A3AD1D-9ACF-4F57-9B46-9AE734072CAF}.Debug|x86.ActiveCfg = Debug|Any CPU
		{F4A3AD1D-9ACF-4F57-9B46-9AE734072CAF}.Debug|x86.Build.0 = Debug|Any CPU
		{F4A3AD1D-9ACF-4F57-9B46-9AE734072CAF}.Debug|x86.Deploy.0 = Debug|Any CPU
		{F4A3AD1D-9ACF-4F57-9B46-9AE734072CAF}.Release|Any CPU.ActiveCfg = Release|Any CPU
		{F4A3AD1D-9ACF-4F57-9B46-9AE734072CAF}.Release|Any CPU.Build.0 = Release|Any CPU
		{F4A3AD1D-9ACF-4F57-9B46-9AE734072CAF}.Release|Any CPU.Deploy.0 = Release|Any CPU
		{F4A3AD1D-9ACF-4F57-9B46-9AE734072CAF}.Release|ARM.ActiveCfg = Release|Any CPU
		{F4A3AD1D-9ACF-4F57-9B46-9AE734072CAF}.Release|ARM.Build.0 = Release|Any CPU
		{F4A3AD1D-9ACF-4F57-9B46-9AE734072CAF}.Release|ARM.Deploy.0 = Release|Any CPU
		{F4A3AD1D-9ACF-4F57-9B46-9AE734072CAF}.Release|iPhone.ActiveCfg = Release|Any CPU
		{F4A3AD1D-9ACF-4F57-9B46-9AE734072CAF}.Release|iPhone.Build.0 = Release|Any CPU
		{F4A3AD1D-9ACF-4F57-9B46-9AE734072CAF}.Release|iPhone.Deploy.0 = Release|Any CPU
		{F4A3AD1D-9ACF-4F57-9B46-9AE734072CAF}.Release|iPhoneSimulator.ActiveCfg = Release|Any CPU
		{F4A3AD1D-9ACF-4F57-9B46-9AE734072CAF}.Release|iPhoneSimulator.Build.0 = Release|Any CPU
		{F4A3AD1D-9ACF-4F57-9B46-9AE734072CAF}.Release|iPhoneSimulator.Deploy.0 = Release|Any CPU
		{F4A3AD1D-9ACF-4F57-9B46-9AE734072CAF}.Release|x64.ActiveCfg = Release|Any CPU
		{F4A3AD1D-9ACF-4F57-9B46-9AE734072CAF}.Release|x64.Build.0 = Release|Any CPU
		{F4A3AD1D-9ACF-4F57-9B46-9AE734072CAF}.Release|x64.Deploy.0 = Release|Any CPU
		{F4A3AD1D-9ACF-4F57-9B46-9AE734072CAF}.Release|x86.ActiveCfg = Release|Any CPU
		{F4A3AD1D-9ACF-4F57-9B46-9AE734072CAF}.Release|x86.Build.0 = Release|Any CPU
		{F4A3AD1D-9ACF-4F57-9B46-9AE734072CAF}.Release|x86.Deploy.0 = Release|Any CPU
		{3A8646C9-7557-4DDA-83D9-4655EF347B6B}.Ad-Hoc|Any CPU.ActiveCfg = Ad-Hoc|iPhone
		{3A8646C9-7557-4DDA-83D9-4655EF347B6B}.Ad-Hoc|ARM.ActiveCfg = Ad-Hoc|iPhone
		{3A8646C9-7557-4DDA-83D9-4655EF347B6B}.Ad-Hoc|iPhone.ActiveCfg = Ad-Hoc|iPhone
		{3A8646C9-7557-4DDA-83D9-4655EF347B6B}.Ad-Hoc|iPhone.Build.0 = Ad-Hoc|iPhone
		{3A8646C9-7557-4DDA-83D9-4655EF347B6B}.Ad-Hoc|iPhoneSimulator.ActiveCfg = Ad-Hoc|iPhoneSimulator
		{3A8646C9-7557-4DDA-83D9-4655EF347B6B}.Ad-Hoc|iPhoneSimulator.Build.0 = Ad-Hoc|iPhoneSimulator
		{3A8646C9-7557-4DDA-83D9-4655EF347B6B}.Ad-Hoc|x64.ActiveCfg = Ad-Hoc|iPhone
		{3A8646C9-7557-4DDA-83D9-4655EF347B6B}.Ad-Hoc|x86.ActiveCfg = Ad-Hoc|iPhone
		{3A8646C9-7557-4DDA-83D9-4655EF347B6B}.AppStore|Any CPU.ActiveCfg = AppStore|iPhone
		{3A8646C9-7557-4DDA-83D9-4655EF347B6B}.AppStore|ARM.ActiveCfg = AppStore|iPhone
		{3A8646C9-7557-4DDA-83D9-4655EF347B6B}.AppStore|iPhone.ActiveCfg = AppStore|iPhone
		{3A8646C9-7557-4DDA-83D9-4655EF347B6B}.AppStore|iPhone.Build.0 = AppStore|iPhone
		{3A8646C9-7557-4DDA-83D9-4655EF347B6B}.AppStore|iPhoneSimulator.ActiveCfg = AppStore|iPhoneSimulator
		{3A8646C9-7557-4DDA-83D9-4655EF347B6B}.AppStore|iPhoneSimulator.Build.0 = AppStore|iPhoneSimulator
		{3A8646C9-7557-4DDA-83D9-4655EF347B6B}.AppStore|x64.ActiveCfg = AppStore|iPhone
		{3A8646C9-7557-4DDA-83D9-4655EF347B6B}.AppStore|x86.ActiveCfg = AppStore|iPhone
		{3A8646C9-7557-4DDA-83D9-4655EF347B6B}.Debug|Any CPU.ActiveCfg = Debug|iPhone
		{3A8646C9-7557-4DDA-83D9-4655EF347B6B}.Debug|ARM.ActiveCfg = Debug|iPhone
		{3A8646C9-7557-4DDA-83D9-4655EF347B6B}.Debug|iPhone.ActiveCfg = Debug|iPhone
		{3A8646C9-7557-4DDA-83D9-4655EF347B6B}.Debug|iPhone.Build.0 = Debug|iPhone
		{3A8646C9-7557-4DDA-83D9-4655EF347B6B}.Debug|iPhoneSimulator.ActiveCfg = Debug|iPhoneSimulator
		{3A8646C9-7557-4DDA-83D9-4655EF347B6B}.Debug|iPhoneSimulator.Build.0 = Debug|iPhoneSimulator
		{3A8646C9-7557-4DDA-83D9-4655EF347B6B}.Debug|x64.ActiveCfg = Debug|iPhone
		{3A8646C9-7557-4DDA-83D9-4655EF347B6B}.Debug|x86.ActiveCfg = Debug|iPhone
		{3A8646C9-7557-4DDA-83D9-4655EF347B6B}.Release|Any CPU.ActiveCfg = Release|iPhone
		{3A8646C9-7557-4DDA-83D9-4655EF347B6B}.Release|ARM.ActiveCfg = Release|iPhone
		{3A8646C9-7557-4DDA-83D9-4655EF347B6B}.Release|iPhone.ActiveCfg = Release|iPhone
		{3A8646C9-7557-4DDA-83D9-4655EF347B6B}.Release|iPhone.Build.0 = Release|iPhone
		{3A8646C9-7557-4DDA-83D9-4655EF347B6B}.Release|iPhoneSimulator.ActiveCfg = Release|iPhoneSimulator
		{3A8646C9-7557-4DDA-83D9-4655EF347B6B}.Release|iPhoneSimulator.Build.0 = Release|iPhoneSimulator
		{3A8646C9-7557-4DDA-83D9-4655EF347B6B}.Release|x64.ActiveCfg = Release|iPhone
		{3A8646C9-7557-4DDA-83D9-4655EF347B6B}.Release|x86.ActiveCfg = Release|iPhone
		{9B631638-EB34-4ACD-A5CD-744DC16DD420}.Ad-Hoc|Any CPU.ActiveCfg = Release|Any CPU
		{9B631638-EB34-4ACD-A5CD-744DC16DD420}.Ad-Hoc|Any CPU.Build.0 = Release|Any CPU
		{9B631638-EB34-4ACD-A5CD-744DC16DD420}.Ad-Hoc|Any CPU.Deploy.0 = Release|Any CPU
		{9B631638-EB34-4ACD-A5CD-744DC16DD420}.Ad-Hoc|ARM.ActiveCfg = Release|ARM
		{9B631638-EB34-4ACD-A5CD-744DC16DD420}.Ad-Hoc|ARM.Build.0 = Release|ARM
		{9B631638-EB34-4ACD-A5CD-744DC16DD420}.Ad-Hoc|ARM.Deploy.0 = Release|ARM
		{9B631638-EB34-4ACD-A5CD-744DC16DD420}.Ad-Hoc|iPhone.ActiveCfg = Release|Any CPU
		{9B631638-EB34-4ACD-A5CD-744DC16DD420}.Ad-Hoc|iPhone.Build.0 = Release|Any CPU
		{9B631638-EB34-4ACD-A5CD-744DC16DD420}.Ad-Hoc|iPhone.Deploy.0 = Release|Any CPU
		{9B631638-EB34-4ACD-A5CD-744DC16DD420}.Ad-Hoc|iPhoneSimulator.ActiveCfg = Release|Any CPU
		{9B631638-EB34-4ACD-A5CD-744DC16DD420}.Ad-Hoc|iPhoneSimulator.Build.0 = Release|Any CPU
		{9B631638-EB34-4ACD-A5CD-744DC16DD420}.Ad-Hoc|iPhoneSimulator.Deploy.0 = Release|Any CPU
		{9B631638-EB34-4ACD-A5CD-744DC16DD420}.Ad-Hoc|x64.ActiveCfg = Release|Any CPU
		{9B631638-EB34-4ACD-A5CD-744DC16DD420}.Ad-Hoc|x64.Build.0 = Release|Any CPU
		{9B631638-EB34-4ACD-A5CD-744DC16DD420}.Ad-Hoc|x64.Deploy.0 = Release|Any CPU
		{9B631638-EB34-4ACD-A5CD-744DC16DD420}.Ad-Hoc|x86.ActiveCfg = Release|x86
		{9B631638-EB34-4ACD-A5CD-744DC16DD420}.Ad-Hoc|x86.Build.0 = Release|x86
		{9B631638-EB34-4ACD-A5CD-744DC16DD420}.Ad-Hoc|x86.Deploy.0 = Release|x86
		{9B631638-EB34-4ACD-A5CD-744DC16DD420}.AppStore|Any CPU.ActiveCfg = Release|Any CPU
		{9B631638-EB34-4ACD-A5CD-744DC16DD420}.AppStore|Any CPU.Build.0 = Release|Any CPU
		{9B631638-EB34-4ACD-A5CD-744DC16DD420}.AppStore|Any CPU.Deploy.0 = Release|Any CPU
		{9B631638-EB34-4ACD-A5CD-744DC16DD420}.AppStore|ARM.ActiveCfg = Release|ARM
		{9B631638-EB34-4ACD-A5CD-744DC16DD420}.AppStore|ARM.Build.0 = Release|ARM
		{9B631638-EB34-4ACD-A5CD-744DC16DD420}.AppStore|ARM.Deploy.0 = Release|ARM
		{9B631638-EB34-4ACD-A5CD-744DC16DD420}.AppStore|iPhone.ActiveCfg = Release|Any CPU
		{9B631638-EB34-4ACD-A5CD-744DC16DD420}.AppStore|iPhone.Build.0 = Release|Any CPU
		{9B631638-EB34-4ACD-A5CD-744DC16DD420}.AppStore|iPhone.Deploy.0 = Release|Any CPU
		{9B631638-EB34-4ACD-A5CD-744DC16DD420}.AppStore|iPhoneSimulator.ActiveCfg = Release|Any CPU
		{9B631638-EB34-4ACD-A5CD-744DC16DD420}.AppStore|iPhoneSimulator.Build.0 = Release|Any CPU
		{9B631638-EB34-4ACD-A5CD-744DC16DD420}.AppStore|iPhoneSimulator.Deploy.0 = Release|Any CPU
		{9B631638-EB34-4ACD-A5CD-744DC16DD420}.AppStore|x64.ActiveCfg = Release|Any CPU
		{9B631638-EB34-4ACD-A5CD-744DC16DD420}.AppStore|x64.Build.0 = Release|Any CPU
		{9B631638-EB34-4ACD-A5CD-744DC16DD420}.AppStore|x64.Deploy.0 = Release|Any CPU
		{9B631638-EB34-4ACD-A5CD-744DC16DD420}.AppStore|x86.ActiveCfg = Release|x86
		{9B631638-EB34-4ACD-A5CD-744DC16DD420}.AppStore|x86.Build.0 = Release|x86
		{9B631638-EB34-4ACD-A5CD-744DC16DD420}.AppStore|x86.Deploy.0 = Release|x86
		{9B631638-EB34-4ACD-A5CD-744DC16DD420}.Debug|Any CPU.ActiveCfg = Debug|Any CPU
		{9B631638-EB34-4ACD-A5CD-744DC16DD420}.Debug|Any CPU.Build.0 = Debug|Any CPU
		{9B631638-EB34-4ACD-A5CD-744DC16DD420}.Debug|Any CPU.Deploy.0 = Debug|Any CPU
		{9B631638-EB34-4ACD-A5CD-744DC16DD420}.Debug|ARM.ActiveCfg = Debug|ARM
		{9B631638-EB34-4ACD-A5CD-744DC16DD420}.Debug|ARM.Build.0 = Debug|ARM
		{9B631638-EB34-4ACD-A5CD-744DC16DD420}.Debug|ARM.Deploy.0 = Debug|ARM
		{9B631638-EB34-4ACD-A5CD-744DC16DD420}.Debug|iPhone.ActiveCfg = Debug|Any CPU
		{9B631638-EB34-4ACD-A5CD-744DC16DD420}.Debug|iPhone.Build.0 = Debug|Any CPU
		{9B631638-EB34-4ACD-A5CD-744DC16DD420}.Debug|iPhone.Deploy.0 = Debug|Any CPU
		{9B631638-EB34-4ACD-A5CD-744DC16DD420}.Debug|iPhoneSimulator.ActiveCfg = Debug|Any CPU
		{9B631638-EB34-4ACD-A5CD-744DC16DD420}.Debug|iPhoneSimulator.Build.0 = Debug|Any CPU
		{9B631638-EB34-4ACD-A5CD-744DC16DD420}.Debug|iPhoneSimulator.Deploy.0 = Debug|Any CPU
		{9B631638-EB34-4ACD-A5CD-744DC16DD420}.Debug|x64.ActiveCfg = Debug|Any CPU
		{9B631638-EB34-4ACD-A5CD-744DC16DD420}.Debug|x64.Build.0 = Debug|Any CPU
		{9B631638-EB34-4ACD-A5CD-744DC16DD420}.Debug|x64.Deploy.0 = Debug|Any CPU
		{9B631638-EB34-4ACD-A5CD-744DC16DD420}.Debug|x86.ActiveCfg = Debug|x86
		{9B631638-EB34-4ACD-A5CD-744DC16DD420}.Debug|x86.Build.0 = Debug|x86
		{9B631638-EB34-4ACD-A5CD-744DC16DD420}.Debug|x86.Deploy.0 = Debug|x86
		{9B631638-EB34-4ACD-A5CD-744DC16DD420}.Release|Any CPU.ActiveCfg = Release|Any CPU
		{9B631638-EB34-4ACD-A5CD-744DC16DD420}.Release|Any CPU.Build.0 = Release|Any CPU
		{9B631638-EB34-4ACD-A5CD-744DC16DD420}.Release|Any CPU.Deploy.0 = Release|Any CPU
		{9B631638-EB34-4ACD-A5CD-744DC16DD420}.Release|ARM.ActiveCfg = Release|ARM
		{9B631638-EB34-4ACD-A5CD-744DC16DD420}.Release|ARM.Build.0 = Release|ARM
		{9B631638-EB34-4ACD-A5CD-744DC16DD420}.Release|ARM.Deploy.0 = Release|ARM
		{9B631638-EB34-4ACD-A5CD-744DC16DD420}.Release|iPhone.ActiveCfg = Release|Any CPU
		{9B631638-EB34-4ACD-A5CD-744DC16DD420}.Release|iPhone.Build.0 = Release|Any CPU
		{9B631638-EB34-4ACD-A5CD-744DC16DD420}.Release|iPhone.Deploy.0 = Release|Any CPU
		{9B631638-EB34-4ACD-A5CD-744DC16DD420}.Release|iPhoneSimulator.ActiveCfg = Release|Any CPU
		{9B631638-EB34-4ACD-A5CD-744DC16DD420}.Release|iPhoneSimulator.Build.0 = Release|Any CPU
		{9B631638-EB34-4ACD-A5CD-744DC16DD420}.Release|iPhoneSimulator.Deploy.0 = Release|Any CPU
		{9B631638-EB34-4ACD-A5CD-744DC16DD420}.Release|x64.ActiveCfg = Release|Any CPU
		{9B631638-EB34-4ACD-A5CD-744DC16DD420}.Release|x64.Build.0 = Release|Any CPU
		{9B631638-EB34-4ACD-A5CD-744DC16DD420}.Release|x64.Deploy.0 = Release|Any CPU
		{9B631638-EB34-4ACD-A5CD-744DC16DD420}.Release|x86.ActiveCfg = Release|x86
		{9B631638-EB34-4ACD-A5CD-744DC16DD420}.Release|x86.Build.0 = Release|x86
		{9B631638-EB34-4ACD-A5CD-744DC16DD420}.Release|x86.Deploy.0 = Release|x86
		{CBA4EC45-1FAB-4A88-AAD9-C8D989F68960}.Ad-Hoc|Any CPU.ActiveCfg = Release|Any CPU
		{CBA4EC45-1FAB-4A88-AAD9-C8D989F68960}.Ad-Hoc|Any CPU.Build.0 = Release|Any CPU
		{CBA4EC45-1FAB-4A88-AAD9-C8D989F68960}.Ad-Hoc|Any CPU.Deploy.0 = Release|Any CPU
		{CBA4EC45-1FAB-4A88-AAD9-C8D989F68960}.Ad-Hoc|ARM.ActiveCfg = Release|ARM
		{CBA4EC45-1FAB-4A88-AAD9-C8D989F68960}.Ad-Hoc|ARM.Build.0 = Release|ARM
		{CBA4EC45-1FAB-4A88-AAD9-C8D989F68960}.Ad-Hoc|ARM.Deploy.0 = Release|ARM
		{CBA4EC45-1FAB-4A88-AAD9-C8D989F68960}.Ad-Hoc|iPhone.ActiveCfg = Release|Any CPU
		{CBA4EC45-1FAB-4A88-AAD9-C8D989F68960}.Ad-Hoc|iPhone.Build.0 = Release|Any CPU
		{CBA4EC45-1FAB-4A88-AAD9-C8D989F68960}.Ad-Hoc|iPhone.Deploy.0 = Release|Any CPU
		{CBA4EC45-1FAB-4A88-AAD9-C8D989F68960}.Ad-Hoc|iPhoneSimulator.ActiveCfg = Release|Any CPU
		{CBA4EC45-1FAB-4A88-AAD9-C8D989F68960}.Ad-Hoc|iPhoneSimulator.Build.0 = Release|Any CPU
		{CBA4EC45-1FAB-4A88-AAD9-C8D989F68960}.Ad-Hoc|iPhoneSimulator.Deploy.0 = Release|Any CPU
		{CBA4EC45-1FAB-4A88-AAD9-C8D989F68960}.Ad-Hoc|x64.ActiveCfg = Release|x64
		{CBA4EC45-1FAB-4A88-AAD9-C8D989F68960}.Ad-Hoc|x64.Build.0 = Release|x64
		{CBA4EC45-1FAB-4A88-AAD9-C8D989F68960}.Ad-Hoc|x64.Deploy.0 = Release|x64
		{CBA4EC45-1FAB-4A88-AAD9-C8D989F68960}.Ad-Hoc|x86.ActiveCfg = Release|x86
		{CBA4EC45-1FAB-4A88-AAD9-C8D989F68960}.Ad-Hoc|x86.Build.0 = Release|x86
		{CBA4EC45-1FAB-4A88-AAD9-C8D989F68960}.Ad-Hoc|x86.Deploy.0 = Release|x86
		{CBA4EC45-1FAB-4A88-AAD9-C8D989F68960}.AppStore|Any CPU.ActiveCfg = Release|Any CPU
		{CBA4EC45-1FAB-4A88-AAD9-C8D989F68960}.AppStore|Any CPU.Build.0 = Release|Any CPU
		{CBA4EC45-1FAB-4A88-AAD9-C8D989F68960}.AppStore|Any CPU.Deploy.0 = Release|Any CPU
		{CBA4EC45-1FAB-4A88-AAD9-C8D989F68960}.AppStore|ARM.ActiveCfg = Release|ARM
		{CBA4EC45-1FAB-4A88-AAD9-C8D989F68960}.AppStore|ARM.Build.0 = Release|ARM
		{CBA4EC45-1FAB-4A88-AAD9-C8D989F68960}.AppStore|ARM.Deploy.0 = Release|ARM
		{CBA4EC45-1FAB-4A88-AAD9-C8D989F68960}.AppStore|iPhone.ActiveCfg = Release|Any CPU
		{CBA4EC45-1FAB-4A88-AAD9-C8D989F68960}.AppStore|iPhone.Build.0 = Release|Any CPU
		{CBA4EC45-1FAB-4A88-AAD9-C8D989F68960}.AppStore|iPhone.Deploy.0 = Release|Any CPU
		{CBA4EC45-1FAB-4A88-AAD9-C8D989F68960}.AppStore|iPhoneSimulator.ActiveCfg = Release|Any CPU
		{CBA4EC45-1FAB-4A88-AAD9-C8D989F68960}.AppStore|iPhoneSimulator.Build.0 = Release|Any CPU
		{CBA4EC45-1FAB-4A88-AAD9-C8D989F68960}.AppStore|iPhoneSimulator.Deploy.0 = Release|Any CPU
		{CBA4EC45-1FAB-4A88-AAD9-C8D989F68960}.AppStore|x64.ActiveCfg = Release|x64
		{CBA4EC45-1FAB-4A88-AAD9-C8D989F68960}.AppStore|x64.Build.0 = Release|x64
		{CBA4EC45-1FAB-4A88-AAD9-C8D989F68960}.AppStore|x64.Deploy.0 = Release|x64
		{CBA4EC45-1FAB-4A88-AAD9-C8D989F68960}.AppStore|x86.ActiveCfg = Release|x86
		{CBA4EC45-1FAB-4A88-AAD9-C8D989F68960}.AppStore|x86.Build.0 = Release|x86
		{CBA4EC45-1FAB-4A88-AAD9-C8D989F68960}.AppStore|x86.Deploy.0 = Release|x86
		{CBA4EC45-1FAB-4A88-AAD9-C8D989F68960}.Debug|Any CPU.ActiveCfg = Debug|Any CPU
		{CBA4EC45-1FAB-4A88-AAD9-C8D989F68960}.Debug|Any CPU.Build.0 = Debug|Any CPU
		{CBA4EC45-1FAB-4A88-AAD9-C8D989F68960}.Debug|Any CPU.Deploy.0 = Debug|Any CPU
		{CBA4EC45-1FAB-4A88-AAD9-C8D989F68960}.Debug|ARM.ActiveCfg = Debug|ARM
		{CBA4EC45-1FAB-4A88-AAD9-C8D989F68960}.Debug|ARM.Build.0 = Debug|ARM
		{CBA4EC45-1FAB-4A88-AAD9-C8D989F68960}.Debug|ARM.Deploy.0 = Debug|ARM
		{CBA4EC45-1FAB-4A88-AAD9-C8D989F68960}.Debug|iPhone.ActiveCfg = Debug|Any CPU
		{CBA4EC45-1FAB-4A88-AAD9-C8D989F68960}.Debug|iPhone.Build.0 = Debug|Any CPU
		{CBA4EC45-1FAB-4A88-AAD9-C8D989F68960}.Debug|iPhone.Deploy.0 = Debug|Any CPU
		{CBA4EC45-1FAB-4A88-AAD9-C8D989F68960}.Debug|iPhoneSimulator.ActiveCfg = Debug|Any CPU
		{CBA4EC45-1FAB-4A88-AAD9-C8D989F68960}.Debug|iPhoneSimulator.Build.0 = Debug|Any CPU
		{CBA4EC45-1FAB-4A88-AAD9-C8D989F68960}.Debug|iPhoneSimulator.Deploy.0 = Debug|Any CPU
		{CBA4EC45-1FAB-4A88-AAD9-C8D989F68960}.Debug|x64.ActiveCfg = Debug|x64
		{CBA4EC45-1FAB-4A88-AAD9-C8D989F68960}.Debug|x64.Build.0 = Debug|x64
		{CBA4EC45-1FAB-4A88-AAD9-C8D989F68960}.Debug|x64.Deploy.0 = Debug|x64
		{CBA4EC45-1FAB-4A88-AAD9-C8D989F68960}.Debug|x86.ActiveCfg = Debug|x86
		{CBA4EC45-1FAB-4A88-AAD9-C8D989F68960}.Debug|x86.Build.0 = Debug|x86
		{CBA4EC45-1FAB-4A88-AAD9-C8D989F68960}.Debug|x86.Deploy.0 = Debug|x86
		{CBA4EC45-1FAB-4A88-AAD9-C8D989F68960}.Release|Any CPU.ActiveCfg = Release|Any CPU
		{CBA4EC45-1FAB-4A88-AAD9-C8D989F68960}.Release|Any CPU.Build.0 = Release|Any CPU
		{CBA4EC45-1FAB-4A88-AAD9-C8D989F68960}.Release|Any CPU.Deploy.0 = Release|Any CPU
		{CBA4EC45-1FAB-4A88-AAD9-C8D989F68960}.Release|ARM.ActiveCfg = Release|ARM
		{CBA4EC45-1FAB-4A88-AAD9-C8D989F68960}.Release|ARM.Build.0 = Release|ARM
		{CBA4EC45-1FAB-4A88-AAD9-C8D989F68960}.Release|ARM.Deploy.0 = Release|ARM
		{CBA4EC45-1FAB-4A88-AAD9-C8D989F68960}.Release|iPhone.ActiveCfg = Release|Any CPU
		{CBA4EC45-1FAB-4A88-AAD9-C8D989F68960}.Release|iPhone.Build.0 = Release|Any CPU
		{CBA4EC45-1FAB-4A88-AAD9-C8D989F68960}.Release|iPhone.Deploy.0 = Release|Any CPU
		{CBA4EC45-1FAB-4A88-AAD9-C8D989F68960}.Release|iPhoneSimulator.ActiveCfg = Release|Any CPU
		{CBA4EC45-1FAB-4A88-AAD9-C8D989F68960}.Release|iPhoneSimulator.Build.0 = Release|Any CPU
		{CBA4EC45-1FAB-4A88-AAD9-C8D989F68960}.Release|iPhoneSimulator.Deploy.0 = Release|Any CPU
		{CBA4EC45-1FAB-4A88-AAD9-C8D989F68960}.Release|x64.ActiveCfg = Release|x64
		{CBA4EC45-1FAB-4A88-AAD9-C8D989F68960}.Release|x64.Build.0 = Release|x64
		{CBA4EC45-1FAB-4A88-AAD9-C8D989F68960}.Release|x64.Deploy.0 = Release|x64
		{CBA4EC45-1FAB-4A88-AAD9-C8D989F68960}.Release|x86.ActiveCfg = Release|x86
		{CBA4EC45-1FAB-4A88-AAD9-C8D989F68960}.Release|x86.Build.0 = Release|x86
		{CBA4EC45-1FAB-4A88-AAD9-C8D989F68960}.Release|x86.Deploy.0 = Release|x86
		{E40B7817-24D0-4AB8-8133-8549FBDEF2A2}.Ad-Hoc|Any CPU.ActiveCfg = Release|Any CPU
		{E40B7817-24D0-4AB8-8133-8549FBDEF2A2}.Ad-Hoc|Any CPU.Build.0 = Release|Any CPU
		{E40B7817-24D0-4AB8-8133-8549FBDEF2A2}.Ad-Hoc|ARM.ActiveCfg = Release|Any CPU
		{E40B7817-24D0-4AB8-8133-8549FBDEF2A2}.Ad-Hoc|ARM.Build.0 = Release|Any CPU
		{E40B7817-24D0-4AB8-8133-8549FBDEF2A2}.Ad-Hoc|iPhone.ActiveCfg = Release|Any CPU
		{E40B7817-24D0-4AB8-8133-8549FBDEF2A2}.Ad-Hoc|iPhone.Build.0 = Release|Any CPU
		{E40B7817-24D0-4AB8-8133-8549FBDEF2A2}.Ad-Hoc|iPhoneSimulator.ActiveCfg = Release|Any CPU
		{E40B7817-24D0-4AB8-8133-8549FBDEF2A2}.Ad-Hoc|iPhoneSimulator.Build.0 = Release|Any CPU
		{E40B7817-24D0-4AB8-8133-8549FBDEF2A2}.Ad-Hoc|x64.ActiveCfg = Release|Any CPU
		{E40B7817-24D0-4AB8-8133-8549FBDEF2A2}.Ad-Hoc|x64.Build.0 = Release|Any CPU
		{E40B7817-24D0-4AB8-8133-8549FBDEF2A2}.Ad-Hoc|x86.ActiveCfg = Release|Any CPU
		{E40B7817-24D0-4AB8-8133-8549FBDEF2A2}.Ad-Hoc|x86.Build.0 = Release|Any CPU
		{E40B7817-24D0-4AB8-8133-8549FBDEF2A2}.AppStore|Any CPU.ActiveCfg = Release|Any CPU
		{E40B7817-24D0-4AB8-8133-8549FBDEF2A2}.AppStore|Any CPU.Build.0 = Release|Any CPU
		{E40B7817-24D0-4AB8-8133-8549FBDEF2A2}.AppStore|ARM.ActiveCfg = Release|Any CPU
		{E40B7817-24D0-4AB8-8133-8549FBDEF2A2}.AppStore|ARM.Build.0 = Release|Any CPU
		{E40B7817-24D0-4AB8-8133-8549FBDEF2A2}.AppStore|iPhone.ActiveCfg = Release|Any CPU
		{E40B7817-24D0-4AB8-8133-8549FBDEF2A2}.AppStore|iPhone.Build.0 = Release|Any CPU
		{E40B7817-24D0-4AB8-8133-8549FBDEF2A2}.AppStore|iPhoneSimulator.ActiveCfg = Release|Any CPU
		{E40B7817-24D0-4AB8-8133-8549FBDEF2A2}.AppStore|iPhoneSimulator.Build.0 = Release|Any CPU
		{E40B7817-24D0-4AB8-8133-8549FBDEF2A2}.AppStore|x64.ActiveCfg = Release|Any CPU
		{E40B7817-24D0-4AB8-8133-8549FBDEF2A2}.AppStore|x64.Build.0 = Release|Any CPU
		{E40B7817-24D0-4AB8-8133-8549FBDEF2A2}.AppStore|x86.ActiveCfg = Release|Any CPU
		{E40B7817-24D0-4AB8-8133-8549FBDEF2A2}.AppStore|x86.Build.0 = Release|Any CPU
		{E40B7817-24D0-4AB8-8133-8549FBDEF2A2}.Debug|Any CPU.ActiveCfg = Debug|Any CPU
		{E40B7817-24D0-4AB8-8133-8549FBDEF2A2}.Debug|Any CPU.Build.0 = Debug|Any CPU
		{E40B7817-24D0-4AB8-8133-8549FBDEF2A2}.Debug|ARM.ActiveCfg = Debug|Any CPU
		{E40B7817-24D0-4AB8-8133-8549FBDEF2A2}.Debug|ARM.Build.0 = Debug|Any CPU
		{E40B7817-24D0-4AB8-8133-8549FBDEF2A2}.Debug|iPhone.ActiveCfg = Debug|Any CPU
		{E40B7817-24D0-4AB8-8133-8549FBDEF2A2}.Debug|iPhone.Build.0 = Debug|Any CPU
		{E40B7817-24D0-4AB8-8133-8549FBDEF2A2}.Debug|iPhoneSimulator.ActiveCfg = Debug|Any CPU
		{E40B7817-24D0-4AB8-8133-8549FBDEF2A2}.Debug|iPhoneSimulator.Build.0 = Debug|Any CPU
		{E40B7817-24D0-4AB8-8133-8549FBDEF2A2}.Debug|x64.ActiveCfg = Debug|Any CPU
		{E40B7817-24D0-4AB8-8133-8549FBDEF2A2}.Debug|x64.Build.0 = Debug|Any CPU
		{E40B7817-24D0-4AB8-8133-8549FBDEF2A2}.Debug|x86.ActiveCfg = Debug|Any CPU
		{E40B7817-24D0-4AB8-8133-8549FBDEF2A2}.Debug|x86.Build.0 = Debug|Any CPU
		{E40B7817-24D0-4AB8-8133-8549FBDEF2A2}.Release|Any CPU.ActiveCfg = Release|Any CPU
		{E40B7817-24D0-4AB8-8133-8549FBDEF2A2}.Release|Any CPU.Build.0 = Release|Any CPU
		{E40B7817-24D0-4AB8-8133-8549FBDEF2A2}.Release|ARM.ActiveCfg = Release|Any CPU
		{E40B7817-24D0-4AB8-8133-8549FBDEF2A2}.Release|ARM.Build.0 = Release|Any CPU
		{E40B7817-24D0-4AB8-8133-8549FBDEF2A2}.Release|iPhone.ActiveCfg = Release|Any CPU
		{E40B7817-24D0-4AB8-8133-8549FBDEF2A2}.Release|iPhone.Build.0 = Release|Any CPU
		{E40B7817-24D0-4AB8-8133-8549FBDEF2A2}.Release|iPhoneSimulator.ActiveCfg = Release|Any CPU
		{E40B7817-24D0-4AB8-8133-8549FBDEF2A2}.Release|iPhoneSimulator.Build.0 = Release|Any CPU
		{E40B7817-24D0-4AB8-8133-8549FBDEF2A2}.Release|x64.ActiveCfg = Release|Any CPU
		{E40B7817-24D0-4AB8-8133-8549FBDEF2A2}.Release|x64.Build.0 = Release|Any CPU
		{E40B7817-24D0-4AB8-8133-8549FBDEF2A2}.Release|x86.ActiveCfg = Release|Any CPU
		{E40B7817-24D0-4AB8-8133-8549FBDEF2A2}.Release|x86.Build.0 = Release|Any CPU
	EndGlobalSection
	GlobalSection(SolutionProperties) = preSolution
		HideSolutionNode = FALSE
	EndGlobalSection
EndGlobal
