
Microsoft Visual Studio Solution File, Format Version 12.00
# Visual Studio 2012
Project("{FAE04EC0-301F-11D3-BF4B-00C04F79EFBC}") = "BindingDemoApp", "BindingDemoApp\BindingDemoApp.csproj", "{173DABB0-1EF1-49A5-88BF-0B22F9944390}"
EndProject
Project("{FAE04EC0-301F-11D3-BF4B-00C04F79EFBC}") = "BindingSolution", "..\BindingSolution\BindingSolution\BindingSolution.csproj", "{56A63160-D8DF-49DA-9659-1BEB83D67B25}"
EndProject
Global
	GlobalSection(SolutionConfigurationPlatforms) = preSolution
		Debug|iPhoneSimulator = Debug|iPhoneSimulator
		Release|iPhone = Release|iPhone
		Release|iPhoneSimulator = Release|iPhoneSimulator
		Debug|iPhone = Debug|iPhone
	EndGlobalSection
	GlobalSection(ProjectConfigurationPlatforms) = postSolution
		{173DABB0-1EF1-49A5-88BF-0B22F9944390}.Debug|iPhoneSimulator.ActiveCfg = Debug|iPhoneSimulator
		{173DABB0-1EF1-49A5-88BF-0B22F9944390}.Debug|iPhoneSimulator.Build.0 = Debug|iPhoneSimulator
		{173DABB0-1EF1-49A5-88BF-0B22F9944390}.Release|iPhone.ActiveCfg = Release|iPhone
		{173DABB0-1EF1-49A5-88BF-0B22F9944390}.Release|iPhone.Build.0 = Release|iPhone
		{173DABB0-1EF1-49A5-88BF-0B22F9944390}.Release|iPhoneSimulator.ActiveCfg = Release|iPhoneSimulator
		{173DABB0-1EF1-49A5-88BF-0B22F9944390}.Release|iPhoneSimulator.Build.0 = Release|iPhoneSimulator
		{173DABB0-1EF1-49A5-88BF-0B22F9944390}.Debug|iPhone.ActiveCfg = Debug|iPhone
		{173DABB0-1EF1-49A5-88BF-0B22F9944390}.Debug|iPhone.Build.0 = Debug|iPhone
		{56A63160-D8DF-49DA-9659-1BEB83D67B25}.Debug|iPhoneSimulator.ActiveCfg = Debug|Any CPU
		{56A63160-D8DF-49DA-9659-1BEB83D67B25}.Debug|iPhoneSimulator.Build.0 = Debug|Any CPU
		{56A63160-D8DF-49DA-9659-1BEB83D67B25}.Release|iPhone.ActiveCfg = Release|Any CPU
		{56A63160-D8DF-49DA-9659-1BEB83D67B25}.Release|iPhone.Build.0 = Release|Any CPU
		{56A63160-D8DF-49DA-9659-1BEB83D67B25}.Release|iPhoneSimulator.ActiveCfg = Release|Any CPU
		{56A63160-D8DF-49DA-9659-1BEB83D67B25}.Release|iPhoneSimulator.Build.0 = Release|Any CPU
		{56A63160-D8DF-49DA-9659-1BEB83D67B25}.Debug|iPhone.ActiveCfg = Debug|Any CPU
		{56A63160-D8DF-49DA-9659-1BEB83D67B25}.Debug|iPhone.Build.0 = Debug|Any CPU
	EndGlobalSection
EndGlobal
