Microsoft Visual Studio Solution File, Format Version 12.00
# Visual Studio 14
VisualStudioVersion = 14.0.25123.0
MinimumVisualStudioVersion = 10.0.40219.1
Project("{FAE04EC0-301F-11D3-BF4B-00C04F79EFBC}") = "UrhoDemo", "UrhoDemo\UrhoDemo.csproj", "{FDC88525-ACD2-4988-8434-BEF7584563F1}"
EndProject
Project("{FAE04EC0-301F-11D3-BF4B-00C04F79EFBC}") = "UrhoDemo.iOS", "iOS\UrhoDemo.iOS.csproj", "{C85231C0-39E9-49D4-80E7-0B1909BAEF93}"
EndProject
Project("{FAE04EC0-301F-11D3-BF4B-00C04F79EFBC}") = "UrhoDemo.Droid", "Droid\UrhoDemo.Droid.csproj", "{B6EAE916-825A-4485-93D4-3E4838AA405A}"
EndProject
Global
	GlobalSection(SolutionConfigurationPlatforms) = preSolution
		Debug|Any CPU = Debug|Any CPU
		Debug|iPhone = Debug|iPhone
		Debug|iPhoneSimulator = Debug|iPhoneSimulator
		Release|Any CPU = Release|Any CPU
		Release|iPhone = Release|iPhone
		Release|iPhoneSimulator = Release|iPhoneSimulator
	EndGlobalSection
	GlobalSection(ProjectConfigurationPlatforms) = postSolution
		{FDC88525-ACD2-4988-8434-BEF7584563F1}.Debug|Any CPU.ActiveCfg = Debug|Any CPU
		{FDC88525-ACD2-4988-8434-BEF7584563F1}.Debug|Any CPU.Build.0 = Debug|Any CPU
		{FDC88525-ACD2-4988-8434-BEF7584563F1}.Debug|iPhone.ActiveCfg = Debug|Any CPU
		{FDC88525-ACD2-4988-8434-BEF7584563F1}.Debug|iPhone.Build.0 = Debug|Any CPU
		{FDC88525-ACD2-4988-8434-BEF7584563F1}.Debug|iPhoneSimulator.ActiveCfg = Debug|Any CPU
		{FDC88525-ACD2-4988-8434-BEF7584563F1}.Debug|iPhoneSimulator.Build.0 = Debug|Any CPU
		{FDC88525-ACD2-4988-8434-BEF7584563F1}.Release|Any CPU.ActiveCfg = Release|Any CPU
		{FDC88525-ACD2-4988-8434-BEF7584563F1}.Release|Any CPU.Build.0 = Release|Any CPU
		{FDC88525-ACD2-4988-8434-BEF7584563F1}.Release|iPhone.ActiveCfg = Release|Any CPU
		{FDC88525-ACD2-4988-8434-BEF7584563F1}.Release|iPhone.Build.0 = Release|Any CPU
		{FDC88525-ACD2-4988-8434-BEF7584563F1}.Release|iPhoneSimulator.ActiveCfg = Release|Any CPU
		{FDC88525-ACD2-4988-8434-BEF7584563F1}.Release|iPhoneSimulator.Build.0 = Release|Any CPU
		{C85231C0-39E9-49D4-80E7-0B1909BAEF93}.Debug|Any CPU.ActiveCfg = Debug|iPhoneSimulator
		{C85231C0-39E9-49D4-80E7-0B1909BAEF93}.Debug|Any CPU.Build.0 = Debug|iPhoneSimulator
		{C85231C0-39E9-49D4-80E7-0B1909BAEF93}.Debug|iPhone.ActiveCfg = Debug|iPhone
		{C85231C0-39E9-49D4-80E7-0B1909BAEF93}.Debug|iPhone.Build.0 = Debug|iPhone
		{C85231C0-39E9-49D4-80E7-0B1909BAEF93}.Debug|iPhoneSimulator.ActiveCfg = Debug|iPhoneSimulator
		{C85231C0-39E9-49D4-80E7-0B1909BAEF93}.Debug|iPhoneSimulator.Build.0 = Debug|iPhoneSimulator
		{C85231C0-39E9-49D4-80E7-0B1909BAEF93}.Release|Any CPU.ActiveCfg = Debug|iPhoneSimulator
		{C85231C0-39E9-49D4-80E7-0B1909BAEF93}.Release|Any CPU.Build.0 = Debug|iPhoneSimulator
		{C85231C0-39E9-49D4-80E7-0B1909BAEF93}.Release|iPhone.ActiveCfg = Release|iPhone
		{C85231C0-39E9-49D4-80E7-0B1909BAEF93}.Release|iPhone.Build.0 = Release|iPhone
		{C85231C0-39E9-49D4-80E7-0B1909BAEF93}.Release|iPhoneSimulator.ActiveCfg = Release|iPhoneSimulator
		{C85231C0-39E9-49D4-80E7-0B1909BAEF93}.Release|iPhoneSimulator.Build.0 = Release|iPhoneSimulator
		{B6EAE916-825A-4485-93D4-3E4838AA405A}.Debug|Any CPU.ActiveCfg = Debug|Any CPU
		{B6EAE916-825A-4485-93D4-3E4838AA405A}.Debug|Any CPU.Build.0 = Debug|Any CPU
		{B6EAE916-825A-4485-93D4-3E4838AA405A}.Debug|Any CPU.Deploy.0 = Debug|Any CPU
		{B6EAE916-825A-4485-93D4-3E4838AA405A}.Debug|iPhone.ActiveCfg = Debug|Any CPU
		{B6EAE916-825A-4485-93D4-3E4838AA405A}.Debug|iPhone.Build.0 = Debug|Any CPU
		{B6EAE916-825A-4485-93D4-3E4838AA405A}.Debug|iPhoneSimulator.ActiveCfg = Debug|Any CPU
		{B6EAE916-825A-4485-93D4-3E4838AA405A}.Debug|iPhoneSimulator.Build.0 = Debug|Any CPU
		{B6EAE916-825A-4485-93D4-3E4838AA405A}.Release|Any CPU.ActiveCfg = Release|Any CPU
		{B6EAE916-825A-4485-93D4-3E4838AA405A}.Release|Any CPU.Build.0 = Release|Any CPU
		{B6EAE916-825A-4485-93D4-3E4838AA405A}.Release|Any CPU.Deploy.0 = Release|Any CPU
		{B6EAE916-825A-4485-93D4-3E4838AA405A}.Release|iPhone.ActiveCfg = Release|Any CPU
		{B6EAE916-825A-4485-93D4-3E4838AA405A}.Release|iPhone.Build.0 = Release|Any CPU
		{B6EAE916-825A-4485-93D4-3E4838AA405A}.Release|iPhoneSimulator.ActiveCfg = Release|Any CPU
		{B6EAE916-825A-4485-93D4-3E4838AA405A}.Release|iPhoneSimulator.Build.0 = Release|Any CPU
	EndGlobalSection
	GlobalSection(SolutionProperties) = preSolution
		HideSolutionNode = FALSE
	EndGlobalSection
EndGlobal
